
Microsoft Visual Studio Solution File, Format Version 12.00
# Visual Studio 15
VisualStudioVersion = 15.0.26730.12
MinimumVisualStudioVersion = 10.0.40219.1
Project("{FAE04EC0-301F-11D3-BF4B-00C04F79EFBC}") = "Mod1Lab1", "Mod1Lab1\Mod1Lab1.csproj", "{CE4F534D-931A-4F2A-9FDA-725D103AA6FB}"
EndProject
Global
	GlobalSection(SolutionConfigurationPlatforms) = preSolution
		Debug|Any CPU = Debug|Any CPU
		Release|Any CPU = Release|Any CPU
	EndGlobalSection
	GlobalSection(ProjectConfigurationPlatforms) = postSolution
		{CE4F534D-931A-4F2A-9FDA-725D103AA6FB}.Debug|Any CPU.ActiveCfg = Debug|Any CPU
		{CE4F534D-931A-4F2A-9FDA-725D103AA6FB}.Debug|Any CPU.Build.0 = Debug|Any CPU
		{CE4F534D-931A-4F2A-9FDA-725D103AA6FB}.Release|Any CPU.ActiveCfg = Release|Any CPU
		{CE4F534D-931A-4F2A-9FDA-725D103AA6FB}.Release|Any CPU.Build.0 = Release|Any CPU
	EndGlobalSection
	GlobalSection(SolutionProperties) = preSolution
		HideSolutionNode = FALSE
	EndGlobalSection
	GlobalSection(ExtensibilityGlobals) = postSolution
		SolutionGuid = {4D144278-3429-48DE-9B23-EAE11DBB50E1}
	EndGlobalSection
EndGlobal
