
Microsoft Visual Studio Solution File, Format Version 12.00
# Visual Studio 15
VisualStudioVersion = 15.0.26730.12
MinimumVisualStudioVersion = 10.0.40219.1
Project("{FAE04EC0-301F-11D3-BF4B-00C04F79EFBC}") = "GetterSetterTest", "GetterSetterTest\GetterSetterTest.csproj", "{2543484B-C274-4581-BDB9-7B70250EACAB}"
EndProject
Global
	GlobalSection(SolutionConfigurationPlatforms) = preSolution
		Debug|Any CPU = Debug|Any CPU
		Release|Any CPU = Release|Any CPU
	EndGlobalSection
	GlobalSection(ProjectConfigurationPlatforms) = postSolution
		{2543484B-C274-4581-BDB9-7B70250EACAB}.Debug|Any CPU.ActiveCfg = Debug|Any CPU
		{2543484B-C274-4581-BDB9-7B70250EACAB}.Debug|Any CPU.Build.0 = Debug|Any CPU
		{2543484B-C274-4581-BDB9-7B70250EACAB}.Release|Any CPU.ActiveCfg = Release|Any CPU
		{2543484B-C274-4581-BDB9-7B70250EACAB}.Release|Any CPU.Build.0 = Release|Any CPU
	EndGlobalSection
	GlobalSection(SolutionProperties) = preSolution
		HideSolutionNode = FALSE
	EndGlobalSection
	GlobalSection(ExtensibilityGlobals) = postSolution
		SolutionGuid = {FF78D18E-123E-4EF5-868A-FE4EAA72F2A1}
	EndGlobalSection
EndGlobal
